
Microsoft Visual Studio Solution File, Format Version 12.00
# Visual Studio Version 16
VisualStudioVersion = 16.0.31424.327
MinimumVisualStudioVersion = 10.0.40219.1
Project("{FAE04EC0-301F-11D3-BF4B-00C04F79EFBC}") = "OnlineExamWebApi", "OnlineExamWebApi.csproj", "{699D24C3-814C-4B92-BD85-1D9E367ACE50}"
EndProject
Global
	GlobalSection(SolutionConfigurationPlatforms) = preSolution
		Debug|Any CPU = Debug|Any CPU
		Release|Any CPU = Release|Any CPU
	EndGlobalSection
	GlobalSection(ProjectConfigurationPlatforms) = postSolution
		{699D24C3-814C-4B92-BD85-1D9E367ACE50}.Debug|Any CPU.ActiveCfg = Debug|Any CPU
		{699D24C3-814C-4B92-BD85-1D9E367ACE50}.Debug|Any CPU.Build.0 = Debug|Any CPU
		{699D24C3-814C-4B92-BD85-1D9E367ACE50}.Release|Any CPU.ActiveCfg = Release|Any CPU
		{699D24C3-814C-4B92-BD85-1D9E367ACE50}.Release|Any CPU.Build.0 = Release|Any CPU
	EndGlobalSection
	GlobalSection(SolutionProperties) = preSolution
		HideSolutionNode = FALSE
	EndGlobalSection
	GlobalSection(ExtensibilityGlobals) = postSolution
		SolutionGuid = {68F7B63D-A840-4C26-A9C7-2B0A522343DE}
	EndGlobalSection
EndGlobal
